// !$*UTF8*$!
{
	archiveVersion = 1;
	classes = {
	};
	objectVersion = 77;
	objects = {

/* Begin PBXBuildFile section */
		7266DDA02E13EA6400B0D0F5 /* LaunchScreen.storyboard in Resources */ = {isa = PBXBuildFile; fileRef = 7266DD9A2E13EA6400B0D0F5 /* LaunchScreen.storyboard */; };
		7266DDA12E13EA6400B0D0F5 /* Assets.xcassets in Resources */ = {isa = PBXBuildFile; fileRef = 7266DD982E13EA6400B0D0F5 /* Assets.xcassets */; };
		7266DDA42E13EA6400B0D0F5 /* AppDelegate.swift in Sources */ = {isa = PBXBuildFile; fileRef = 7266DD972E13EA6400B0D0F5 /* AppDelegate.swift */; };
		7266DDA52E13EA6400B0D0F5 /* SceneDelegate.swift in Sources */ = {isa = PBXBuildFile; fileRef = 7266DD9C2E13EA6400B0D0F5 /* SceneDelegate.swift */; };
		7266DDBB2E13EADD00B0D0F5 /* Alamofire in Frameworks */ = {isa = PBXBuildFile; productRef = 7266DDBA2E13EADD00B0D0F5 /* Alamofire */; };
		7266DDF92E13EE5400B0D0F5 /* PhotoListViewController.swift in Sources */ = {isa = PBXBuildFile; fileRef = 7266DDF82E13EE5400B0D0F5 /* PhotoListViewController.swift */; };
		7266DDFD2E13EE9D00B0D0F5 /* PhototDetailViewController.swift in Sources */ = {isa = PBXBuildFile; fileRef = 7266DDFC2E13EE9D00B0D0F5 /* PhototDetailViewController.swift */; };
		7266DE012E13F07400B0D0F5 /* PhotoListFactory.swift in Sources */ = {isa = PBXBuildFile; fileRef = 7266DE002E13F07400B0D0F5 /* PhotoListFactory.swift */; };
		7266DE042E13F0AF00B0D0F5 /* Factory.swift in Sources */ = {isa = PBXBuildFile; fileRef = 7266DE032E13F0AF00B0D0F5 /* Factory.swift */; };
		7266DE082E13F3BB00B0D0F5 /* Photo.swift in Sources */ = {isa = PBXBuildFile; fileRef = 7266DE072E13F3B500B0D0F5 /* Photo.swift */; };
		7266DE0E2E13F4CB00B0D0F5 /* UIColor+Extensions.swift in Sources */ = {isa = PBXBuildFile; fileRef = 7266DE0D2E13F4CB00B0D0F5 /* UIColor+Extensions.swift */; };
		7266DE352E13FEFE00B0D0F5 /* ApiClient.swift in Sources */ = {isa = PBXBuildFile; fileRef = 7266DE342E13FD8900B0D0F5 /* ApiClient.swift */; };
		7266DE372E13FFA800B0D0F5 /* NetworkActivityLogger.swift in Sources */ = {isa = PBXBuildFile; fileRef = 7266DE362E13FFA800B0D0F5 /* NetworkActivityLogger.swift */; };
		7266DE442E14034700B0D0F5 /* PhotoContent.swift in Sources */ = {isa = PBXBuildFile; fileRef = 7266DE432E14034200B0D0F5 /* PhotoContent.swift */; };
		7266DE462E14038500B0D0F5 /* PhotoContentConfiguration.swift in Sources */ = {isa = PBXBuildFile; fileRef = 7266DE452E14037E00B0D0F5 /* PhotoContentConfiguration.swift */; };
		7266DEE72E14529C00B0D0F5 /* Nuke in Frameworks */ = {isa = PBXBuildFile; productRef = 7266DEE62E14529C00B0D0F5 /* Nuke */; };
		7266DEE92E14529C00B0D0F5 /* NukeExtensions in Frameworks */ = {isa = PBXBuildFile; productRef = 7266DEE82E14529C00B0D0F5 /* NukeExtensions */; };
		7266DEEB2E14529C00B0D0F5 /* NukeUI in Frameworks */ = {isa = PBXBuildFile; productRef = 7266DEEA2E14529C00B0D0F5 /* NukeUI */; };
		7266DEEE2E1452AB00B0D0F5 /* SnapKit in Frameworks */ = {isa = PBXBuildFile; productRef = 7266DEED2E1452AB00B0D0F5 /* SnapKit */; };
		7266DEF02E14530D00B0D0F5 /* PhotoCell.swift in Sources */ = {isa = PBXBuildFile; fileRef = 7266DEEF2E14530D00B0D0F5 /* PhotoCell.swift */; };
		7266DF202E14661B00B0D0F5 /* PhotoListViewModel.swift in Sources */ = {isa = PBXBuildFile; fileRef = 7266DF1F2E14660B00B0D0F5 /* PhotoListViewModel.swift */; };
/* End PBXBuildFile section */

/* Begin PBXFileReference section */
		7266DD7C2E13E80D00B0D0F5 /* Test_24HSoft.app */ = {isa = PBXFileReference; explicitFileType = wrapper.application; includeInIndex = 0; path = Test_24HSoft.app; sourceTree = BUILT_PRODUCTS_DIR; };
		7266DD972E13EA6400B0D0F5 /* AppDelegate.swift */ = {isa = PBXFileReference; lastKnownFileType = sourcecode.swift; path = AppDelegate.swift; sourceTree = "<group>"; };
		7266DD982E13EA6400B0D0F5 /* Assets.xcassets */ = {isa = PBXFileReference; lastKnownFileType = folder.assetcatalog; path = Assets.xcassets; sourceTree = "<group>"; };
		7266DD992E13EA6400B0D0F5 /* Info.plist */ = {isa = PBXFileReference; lastKnownFileType = text.plist.xml; path = Info.plist; sourceTree = "<group>"; };
		7266DD9C2E13EA6400B0D0F5 /* SceneDelegate.swift */ = {isa = PBXFileReference; lastKnownFileType = sourcecode.swift; path = SceneDelegate.swift; sourceTree = "<group>"; };
		7266DD9F2E13EA6400B0D0F5 /* Base */ = {isa = PBXFileReference; lastKnownFileType = file.storyboard; name = Base; path = Base.lproj/LaunchScreen.storyboard; sourceTree = "<group>"; };
		7266DDF82E13EE5400B0D0F5 /* PhotoListViewController.swift */ = {isa = PBXFileReference; lastKnownFileType = sourcecode.swift; path = PhotoListViewController.swift; sourceTree = "<group>"; };
		7266DDFC2E13EE9D00B0D0F5 /* PhototDetailViewController.swift */ = {isa = PBXFileReference; lastKnownFileType = sourcecode.swift; path = PhototDetailViewController.swift; sourceTree = "<group>"; };
		7266DE002E13F07400B0D0F5 /* PhotoListFactory.swift */ = {isa = PBXFileReference; lastKnownFileType = sourcecode.swift; path = PhotoListFactory.swift; sourceTree = "<group>"; };
		7266DE032E13F0AF00B0D0F5 /* Factory.swift */ = {isa = PBXFileReference; lastKnownFileType = sourcecode.swift; path = Factory.swift; sourceTree = "<group>"; };
		7266DE072E13F3B500B0D0F5 /* Photo.swift */ = {isa = PBXFileReference; lastKnownFileType = sourcecode.swift; path = Photo.swift; sourceTree = "<group>"; };
		7266DE0D2E13F4CB00B0D0F5 /* UIColor+Extensions.swift */ = {isa = PBXFileReference; lastKnownFileType = sourcecode.swift; path = "UIColor+Extensions.swift"; sourceTree = "<group>"; };
		7266DE342E13FD8900B0D0F5 /* ApiClient.swift */ = {isa = PBXFileReference; lastKnownFileType = sourcecode.swift; path = ApiClient.swift; sourceTree = "<group>"; };
		7266DE362E13FFA800B0D0F5 /* NetworkActivityLogger.swift */ = {isa = PBXFileReference; lastKnownFileType = sourcecode.swift; path = NetworkActivityLogger.swift; sourceTree = "<group>"; };
		7266DE432E14034200B0D0F5 /* PhotoContent.swift */ = {isa = PBXFileReference; lastKnownFileType = sourcecode.swift; path = PhotoContent.swift; sourceTree = "<group>"; };
		7266DE452E14037E00B0D0F5 /* PhotoContentConfiguration.swift */ = {isa = PBXFileReference; lastKnownFileType = sourcecode.swift; path = PhotoContentConfiguration.swift; sourceTree = "<group>"; };
		7266DEEF2E14530D00B0D0F5 /* PhotoCell.swift */ = {isa = PBXFileReference; lastKnownFileType = sourcecode.swift; path = PhotoCell.swift; sourceTree = "<group>"; };
		7266DF1F2E14660B00B0D0F5 /* PhotoListViewModel.swift */ = {isa = PBXFileReference; lastKnownFileType = sourcecode.swift; path = PhotoListViewModel.swift; sourceTree = "<group>"; };
/* End PBXFileReference section */

/* Begin PBXFrameworksBuildPhase section */
		7266DD792E13E80D00B0D0F5 /* Frameworks */ = {
			isa = PBXFrameworksBuildPhase;
			buildActionMask = 2147483647;
			files = (
				7266DDBB2E13EADD00B0D0F5 /* Alamofire in Frameworks */,
				7266DEE72E14529C00B0D0F5 /* Nuke in Frameworks */,
				7266DEE92E14529C00B0D0F5 /* NukeExtensions in Frameworks */,
				7266DEEB2E14529C00B0D0F5 /* NukeUI in Frameworks */,
				7266DEEE2E1452AB00B0D0F5 /* SnapKit in Frameworks */,
			);
			runOnlyForDeploymentPostprocessing = 0;
		};
/* End PBXFrameworksBuildPhase section */

/* Begin PBXGroup section */
		7266DD732E13E80D00B0D0F5 = {
			isa = PBXGroup;
			children = (
				7266DDD32E13EB3100B0D0F5 /* App */,
				7266DE092E13F48C00B0D0F5 /* Core */,
				7266DDA72E13EA6E00B0D0F5 /* Networking */,
				7266DE022E13F09E00B0D0F5 /* Platform */,
				7266DD7D2E13E80D00B0D0F5 /* Products */,
				7266DDFE2E13EEBB00B0D0F5 /* Scenes */,
			);
			sourceTree = "<group>";
		};
		7266DD7D2E13E80D00B0D0F5 /* Products */ = {
			isa = PBXGroup;
			children = (
				7266DD7C2E13E80D00B0D0F5 /* Test_24HSoft.app */,
			);
			name = Products;
			sourceTree = "<group>";
		};
		7266DDA72E13EA6E00B0D0F5 /* Networking */ = {
			isa = PBXGroup;
			children = (
				7266DDB82E13EA8E00B0D0F5 /* Sources */,
			);
			path = Networking;
			sourceTree = "<group>";
		};
		7266DDB82E13EA8E00B0D0F5 /* Sources */ = {
			isa = PBXGroup;
			children = (
				7266DE362E13FFA800B0D0F5 /* NetworkActivityLogger.swift */,
				7266DE342E13FD8900B0D0F5 /* ApiClient.swift */,
			);
			path = Sources;
			sourceTree = "<group>";
		};
		7266DDD32E13EB3100B0D0F5 /* App */ = {
			isa = PBXGroup;
			children = (
				7266DD972E13EA6400B0D0F5 /* AppDelegate.swift */,
				7266DD982E13EA6400B0D0F5 /* Assets.xcassets */,
				7266DD992E13EA6400B0D0F5 /* Info.plist */,
				7266DD9A2E13EA6400B0D0F5 /* LaunchScreen.storyboard */,
				7266DD9C2E13EA6400B0D0F5 /* SceneDelegate.swift */,
			);
			path = App;
			sourceTree = "<group>";
		};
		7266DDF72E13EE2A00B0D0F5 /* PhotoList */ = {
			isa = PBXGroup;
			children = (
				7266DE382E14018F00B0D0F5 /* ContentConfiguration */,
				7266DE002E13F07400B0D0F5 /* PhotoListFactory.swift */,
				7266DDF82E13EE5400B0D0F5 /* PhotoListViewController.swift */,
				7266DF1F2E14660B00B0D0F5 /* PhotoListViewModel.swift */,
			);
			path = PhotoList;
			sourceTree = "<group>";
		};
		7266DDFA2E13EE6A00B0D0F5 /* PhotoDetail */ = {
			isa = PBXGroup;
			children = (
				7266DDFC2E13EE9D00B0D0F5 /* PhototDetailViewController.swift */,
			);
			path = PhotoDetail;
			sourceTree = "<group>";
		};
		7266DDFE2E13EEBB00B0D0F5 /* Scenes */ = {
			isa = PBXGroup;
			children = (
				7266DDFF2E13EEEE00B0D0F5 /* Sources */,
			);
			path = Scenes;
			sourceTree = "<group>";
		};
		7266DDFF2E13EEEE00B0D0F5 /* Sources */ = {
			isa = PBXGroup;
			children = (
				7266DDFA2E13EE6A00B0D0F5 /* PhotoDetail */,
				7266DDF72E13EE2A00B0D0F5 /* PhotoList */,
			);
			path = Sources;
			sourceTree = "<group>";
		};
		7266DE022E13F09E00B0D0F5 /* Platform */ = {
			isa = PBXGroup;
			children = (
				7266DE062E13F21A00B0D0F5 /* Models */,
				7266DE052E13F20A00B0D0F5 /* Factory */,
			);
			path = Platform;
			sourceTree = "<group>";
		};
		7266DE052E13F20A00B0D0F5 /* Factory */ = {
			isa = PBXGroup;
			children = (
				7266DE032E13F0AF00B0D0F5 /* Factory.swift */,
			);
			path = Factory;
			sourceTree = "<group>";
		};
		7266DE062E13F21A00B0D0F5 /* Models */ = {
			isa = PBXGroup;
			children = (
				7266DE072E13F3B500B0D0F5 /* Photo.swift */,
			);
			path = Models;
			sourceTree = "<group>";
		};
		7266DE092E13F48C00B0D0F5 /* Core */ = {
			isa = PBXGroup;
			children = (
				7266DE0A2E13F49200B0D0F5 /* Sources */,
			);
			path = Core;
			sourceTree = "<group>";
		};
		7266DE0A2E13F49200B0D0F5 /* Sources */ = {
			isa = PBXGroup;
			children = (
				7266DE0B2E13F4B900B0D0F5 /* Extensions */,
			);
			path = Sources;
			sourceTree = "<group>";
		};
		7266DE0B2E13F4B900B0D0F5 /* Extensions */ = {
			isa = PBXGroup;
			children = (
				7266DE0D2E13F4CB00B0D0F5 /* UIColor+Extensions.swift */,
			);
			path = Extensions;
			sourceTree = "<group>";
		};
		7266DE382E14018F00B0D0F5 /* ContentConfiguration */ = {
			isa = PBXGroup;
			children = (
				7266DE452E14037E00B0D0F5 /* PhotoContentConfiguration.swift */,
				7266DE432E14034200B0D0F5 /* PhotoContent.swift */,
				7266DEEF2E14530D00B0D0F5 /* PhotoCell.swift */,
			);
			path = ContentConfiguration;
			sourceTree = "<group>";
		};
/* End PBXGroup section */

/* Begin PBXNativeTarget section */
		7266DD7B2E13E80D00B0D0F5 /* Test_24HSoft */ = {
			isa = PBXNativeTarget;
			buildConfigurationList = 7266DD8F2E13E80F00B0D0F5 /* Build configuration list for PBXNativeTarget "Test_24HSoft" */;
			buildPhases = (
				7266DD782E13E80D00B0D0F5 /* Sources */,
				7266DD792E13E80D00B0D0F5 /* Frameworks */,
				7266DD7A2E13E80D00B0D0F5 /* Resources */,
			);
			buildRules = (
			);
			dependencies = (
			);
			name = Test_24HSoft;
			packageProductDependencies = (
				7266DDBA2E13EADD00B0D0F5 /* Alamofire */,
				7266DEE62E14529C00B0D0F5 /* Nuke */,
				7266DEE82E14529C00B0D0F5 /* NukeExtensions */,
				7266DEEA2E14529C00B0D0F5 /* NukeUI */,
				7266DEED2E1452AB00B0D0F5 /* SnapKit */,
			);
			productName = Test_24HSoft;
			productReference = 7266DD7C2E13E80D00B0D0F5 /* Test_24HSoft.app */;
			productType = "com.apple.product-type.application";
		};
/* End PBXNativeTarget section */

/* Begin PBXProject section */
		7266DD742E13E80D00B0D0F5 /* Project object */ = {
			isa = PBXProject;
			attributes = {
				BuildIndependentTargetsInParallel = 1;
				LastSwiftUpdateCheck = 1630;
				LastUpgradeCheck = 1630;
				TargetAttributes = {
					7266DD7B2E13E80D00B0D0F5 = {
						CreatedOnToolsVersion = 16.3;
					};
				};
			};
			buildConfigurationList = 7266DD772E13E80D00B0D0F5 /* Build configuration list for PBXProject "Test_24HSoft" */;
			developmentRegion = en;
			hasScannedForEncodings = 0;
			knownRegions = (
				en,
				Base,
			);
			mainGroup = 7266DD732E13E80D00B0D0F5;
			minimizedProjectReferenceProxies = 1;
			packageReferences = (
				7266DDB92E13EADD00B0D0F5 /* XCRemoteSwiftPackageReference "Alamofire" */,
				7266DEE52E14529C00B0D0F5 /* XCRemoteSwiftPackageReference "Nuke" */,
				7266DEEC2E1452AB00B0D0F5 /* XCRemoteSwiftPackageReference "SnapKit" */,
			);
			preferredProjectObjectVersion = 77;
			productRefGroup = 7266DD7D2E13E80D00B0D0F5 /* Products */;
			projectDirPath = "";
			projectRoot = "";
			targets = (
				7266DD7B2E13E80D00B0D0F5 /* Test_24HSoft */,
			);
		};
/* End PBXProject section */

/* Begin PBXResourcesBuildPhase section */
		7266DD7A2E13E80D00B0D0F5 /* Resources */ = {
			isa = PBXResourcesBuildPhase;
			buildActionMask = 2147483647;
			files = (
				7266DDA02E13EA6400B0D0F5 /* LaunchScreen.storyboard in Resources */,
				7266DDA12E13EA6400B0D0F5 /* Assets.xcassets in Resources */,
			);
			runOnlyForDeploymentPostprocessing = 0;
		};
/* End PBXResourcesBuildPhase section */

/* Begin PBXSourcesBuildPhase section */
		7266DD782E13E80D00B0D0F5 /* Sources */ = {
			isa = PBXSourcesBuildPhase;
			buildActionMask = 2147483647;
			files = (
				7266DE352E13FEFE00B0D0F5 /* ApiClient.swift in Sources */,
				7266DE082E13F3BB00B0D0F5 /* Photo.swift in Sources */,
				7266DDA42E13EA6400B0D0F5 /* AppDelegate.swift in Sources */,
				7266DDA52E13EA6400B0D0F5 /* SceneDelegate.swift in Sources */,
				7266DE462E14038500B0D0F5 /* PhotoContentConfiguration.swift in Sources */,
				7266DE0E2E13F4CB00B0D0F5 /* UIColor+Extensions.swift in Sources */,
				7266DEF02E14530D00B0D0F5 /* PhotoCell.swift in Sources */,
				7266DDF92E13EE5400B0D0F5 /* PhotoListViewController.swift in Sources */,
				7266DDFD2E13EE9D00B0D0F5 /* PhototDetailViewController.swift in Sources */,
				7266DE012E13F07400B0D0F5 /* PhotoListFactory.swift in Sources */,
				7266DE042E13F0AF00B0D0F5 /* Factory.swift in Sources */,
				7266DE442E14034700B0D0F5 /* PhotoContent.swift in Sources */,
				7266DE372E13FFA800B0D0F5 /* NetworkActivityLogger.swift in Sources */,
				7266DF202E14661B00B0D0F5 /* PhotoListViewModel.swift in Sources */,
			);
			runOnlyForDeploymentPostprocessing = 0;
		};
/* End PBXSourcesBuildPhase section */

/* Begin PBXVariantGroup section */
		7266DD9A2E13EA6400B0D0F5 /* LaunchScreen.storyboard */ = {
			isa = PBXVariantGroup;
			children = (
				7266DD9F2E13EA6400B0D0F5 /* Base */,
			);
			name = LaunchScreen.storyboard;
			sourceTree = "<group>";
		};
/* End PBXVariantGroup section */

/* Begin XCBuildConfiguration section */
		7266DD902E13E80F00B0D0F5 /* Debug */ = {
			isa = XCBuildConfiguration;
			buildSettings = {
				ASSETCATALOG_COMPILER_APPICON_NAME = AppIcon;
				ASSETCATALOG_COMPILER_GLOBAL_ACCENT_COLOR_NAME = AccentColor;
				CODE_SIGN_STYLE = Automatic;
				CURRENT_PROJECT_VERSION = 1;
				DEVELOPMENT_TEAM = U57U8F8A4N;
				GENERATE_INFOPLIST_FILE = YES;
				INFOPLIST_FILE = App/Info.plist;
				INFOPLIST_KEY_UIApplicationSupportsIndirectInputEvents = YES;
				INFOPLIST_KEY_UILaunchStoryboardName = LaunchScreen;
				INFOPLIST_KEY_UISupportedInterfaceOrientations_iPad = "UIInterfaceOrientationPortrait UIInterfaceOrientationPortraitUpsideDown UIInterfaceOrientationLandscapeLeft UIInterfaceOrientationLandscapeRight";
				INFOPLIST_KEY_UISupportedInterfaceOrientations_iPhone = "UIInterfaceOrientationPortrait UIInterfaceOrientationLandscapeLeft UIInterfaceOrientationLandscapeRight";
				LD_RUNPATH_SEARCH_PATHS = (
					"$(inherited)",
					"@executable_path/Frameworks",
				);
				MARKETING_VERSION = 1.0;
				PRODUCT_BUNDLE_IDENTIFIER = com.smabdirov99.Test24HSoft;
				PRODUCT_NAME = "$(TARGET_NAME)";
				SUPPORTED_PLATFORMS = "iphoneos iphonesimulator";
				SUPPORTS_MACCATALYST = NO;
				SUPPORTS_MAC_DESIGNED_FOR_IPHONE_IPAD = NO;
				SUPPORTS_XR_DESIGNED_FOR_IPHONE_IPAD = NO;
				SWIFT_EMIT_LOC_STRINGS = YES;
				SWIFT_VERSION = 5.0;
				TARGETED_DEVICE_FAMILY = 1;
			};
			name = Debug;
		};
		7266DD912E13E80F00B0D0F5 /* Release */ = {
			isa = XCBuildConfiguration;
			buildSettings = {
				ASSETCATALOG_COMPILER_APPICON_NAME = AppIcon;
				ASSETCATALOG_COMPILER_GLOBAL_ACCENT_COLOR_NAME = AccentColor;
				CODE_SIGN_STYLE = Automatic;
				CURRENT_PROJECT_VERSION = 1;
				DEVELOPMENT_TEAM = U57U8F8A4N;
				GENERATE_INFOPLIST_FILE = YES;
				INFOPLIST_FILE = App/Info.plist;
				INFOPLIST_KEY_UIApplicationSupportsIndirectInputEvents = YES;
				INFOPLIST_KEY_UILaunchStoryboardName = LaunchScreen;
				INFOPLIST_KEY_UISupportedInterfaceOrientations_iPad = "UIInterfaceOrientationPortrait UIInterfaceOrientationPortraitUpsideDown UIInterfaceOrientationLandscapeLeft UIInterfaceOrientationLandscapeRight";
				INFOPLIST_KEY_UISupportedInterfaceOrientations_iPhone = "UIInterfaceOrientationPortrait UIInterfaceOrientationLandscapeLeft UIInterfaceOrientationLandscapeRight";
				LD_RUNPATH_SEARCH_PATHS = (
					"$(inherited)",
					"@executable_path/Frameworks",
				);
				MARKETING_VERSION = 1.0;
				PRODUCT_BUNDLE_IDENTIFIER = com.smabdirov99.Test24HSoft;
				PRODUCT_NAME = "$(TARGET_NAME)";
				SUPPORTED_PLATFORMS = "iphoneos iphonesimulator";
				SUPPORTS_MACCATALYST = NO;
				SUPPORTS_MAC_DESIGNED_FOR_IPHONE_IPAD = NO;
				SUPPORTS_XR_DESIGNED_FOR_IPHONE_IPAD = NO;
				SWIFT_EMIT_LOC_STRINGS = YES;
				SWIFT_VERSION = 5.0;
				TARGETED_DEVICE_FAMILY = 1;
			};
			name = Release;
		};
		7266DD922E13E80F00B0D0F5 /* Debug */ = {
			isa = XCBuildConfiguration;
			buildSettings = {
				ALWAYS_SEARCH_USER_PATHS = NO;
				ASSETCATALOG_COMPILER_GENERATE_SWIFT_ASSET_SYMBOL_EXTENSIONS = YES;
				CLANG_ANALYZER_NONNULL = YES;
				CLANG_ANALYZER_NUMBER_OBJECT_CONVERSION = YES_AGGRESSIVE;
				CLANG_CXX_LANGUAGE_STANDARD = "gnu++20";
				CLANG_ENABLE_MODULES = YES;
				CLANG_ENABLE_OBJC_ARC = YES;
				CLANG_ENABLE_OBJC_WEAK = YES;
				CLANG_WARN_BLOCK_CAPTURE_AUTORELEASING = YES;
				CLANG_WARN_BOOL_CONVERSION = YES;
				CLANG_WARN_COMMA = YES;
				CLANG_WARN_CONSTANT_CONVERSION = YES;
				CLANG_WARN_DEPRECATED_OBJC_IMPLEMENTATIONS = YES;
				CLANG_WARN_DIRECT_OBJC_ISA_USAGE = YES_ERROR;
				CLANG_WARN_DOCUMENTATION_COMMENTS = YES;
				CLANG_WARN_EMPTY_BODY = YES;
				CLANG_WARN_ENUM_CONVERSION = YES;
				CLANG_WARN_INFINITE_RECURSION = YES;
				CLANG_WARN_INT_CONVERSION = YES;
				CLANG_WARN_NON_LITERAL_NULL_CONVERSION = YES;
				CLANG_WARN_OBJC_IMPLICIT_RETAIN_SELF = YES;
				CLANG_WARN_OBJC_LITERAL_CONVERSION = YES;
				CLANG_WARN_OBJC_ROOT_CLASS = YES_ERROR;
				CLANG_WARN_QUOTED_INCLUDE_IN_FRAMEWORK_HEADER = YES;
				CLANG_WARN_RANGE_LOOP_ANALYSIS = YES;
				CLANG_WARN_STRICT_PROTOTYPES = YES;
				CLANG_WARN_SUSPICIOUS_MOVE = YES;
				CLANG_WARN_UNGUARDED_AVAILABILITY = YES_AGGRESSIVE;
				CLANG_WARN_UNREACHABLE_CODE = YES;
				CLANG_WARN__DUPLICATE_METHOD_MATCH = YES;
				COPY_PHASE_STRIP = NO;
				DEBUG_INFORMATION_FORMAT = dwarf;
				DEVELOPMENT_TEAM = U57U8F8A4N;
				ENABLE_STRICT_OBJC_MSGSEND = YES;
				ENABLE_TESTABILITY = YES;
				ENABLE_USER_SCRIPT_SANDBOXING = YES;
				GCC_C_LANGUAGE_STANDARD = gnu17;
				GCC_DYNAMIC_NO_PIC = NO;
				GCC_NO_COMMON_BLOCKS = YES;
				GCC_OPTIMIZATION_LEVEL = 0;
				GCC_PREPROCESSOR_DEFINITIONS = (
					"DEBUG=1",
					"$(inherited)",
				);
				GCC_WARN_64_TO_32_BIT_CONVERSION = YES;
				GCC_WARN_ABOUT_RETURN_TYPE = YES_ERROR;
				GCC_WARN_UNDECLARED_SELECTOR = YES;
				GCC_WARN_UNINITIALIZED_AUTOS = YES_AGGRESSIVE;
				GCC_WARN_UNUSED_FUNCTION = YES;
				GCC_WARN_UNUSED_VARIABLE = YES;
				IPHONEOS_DEPLOYMENT_TARGET = 18.4;
				LOCALIZATION_PREFERS_STRING_CATALOGS = YES;
				MTL_ENABLE_DEBUG_INFO = INCLUDE_SOURCE;
				MTL_FAST_MATH = YES;
				ONLY_ACTIVE_ARCH = YES;
				SDKROOT = iphoneos;
				SWIFT_ACTIVE_COMPILATION_CONDITIONS = "DEBUG $(inherited)";
				SWIFT_OPTIMIZATION_LEVEL = "-Onone";
			};
			name = Debug;
		};
		7266DD932E13E80F00B0D0F5 /* Release */ = {
			isa = XCBuildConfiguration;
			buildSettings = {
				ALWAYS_SEARCH_USER_PATHS = NO;
				ASSETCATALOG_COMPILER_GENERATE_SWIFT_ASSET_SYMBOL_EXTENSIONS = YES;
				CLANG_ANALYZER_NONNULL = YES;
				CLANG_ANALYZER_NUMBER_OBJECT_CONVERSION = YES_AGGRESSIVE;
				CLANG_CXX_LANGUAGE_STANDARD = "gnu++20";
				CLANG_ENABLE_MODULES = YES;
				CLANG_ENABLE_OBJC_ARC = YES;
				CLANG_ENABLE_OBJC_WEAK = YES;
				CLANG_WARN_BLOCK_CAPTURE_AUTORELEASING = YES;
				CLANG_WARN_BOOL_CONVERSION = YES;
				CLANG_WARN_COMMA = YES;
				CLANG_WARN_CONSTANT_CONVERSION = YES;
				CLANG_WARN_DEPRECATED_OBJC_IMPLEMENTATIONS = YES;
				CLANG_WARN_DIRECT_OBJC_ISA_USAGE = YES_ERROR;
				CLANG_WARN_DOCUMENTATION_COMMENTS = YES;
				CLANG_WARN_EMPTY_BODY = YES;
				CLANG_WARN_ENUM_CONVERSION = YES;
				CLANG_WARN_INFINITE_RECURSION = YES;
				CLANG_WARN_INT_CONVERSION = YES;
				CLANG_WARN_NON_LITERAL_NULL_CONVERSION = YES;
				CLANG_WARN_OBJC_IMPLICIT_RETAIN_SELF = YES;
				CLANG_WARN_OBJC_LITERAL_CONVERSION = YES;
				CLANG_WARN_OBJC_ROOT_CLASS = YES_ERROR;
				CLANG_WARN_QUOTED_INCLUDE_IN_FRAMEWORK_HEADER = YES;
				CLANG_WARN_RANGE_LOOP_ANALYSIS = YES;
				CLANG_WARN_STRICT_PROTOTYPES = YES;
				CLANG_WARN_SUSPICIOUS_MOVE = YES;
				CLANG_WARN_UNGUARDED_AVAILABILITY = YES_AGGRESSIVE;
				CLANG_WARN_UNREACHABLE_CODE = YES;
				CLANG_WARN__DUPLICATE_METHOD_MATCH = YES;
				COPY_PHASE_STRIP = NO;
				DEBUG_INFORMATION_FORMAT = "dwarf-with-dsym";
				DEVELOPMENT_TEAM = U57U8F8A4N;
				ENABLE_NS_ASSERTIONS = NO;
				ENABLE_STRICT_OBJC_MSGSEND = YES;
				ENABLE_USER_SCRIPT_SANDBOXING = YES;
				GCC_C_LANGUAGE_STANDARD = gnu17;
				GCC_NO_COMMON_BLOCKS = YES;
				GCC_WARN_64_TO_32_BIT_CONVERSION = YES;
				GCC_WARN_ABOUT_RETURN_TYPE = YES_ERROR;
				GCC_WARN_UNDECLARED_SELECTOR = YES;
				GCC_WARN_UNINITIALIZED_AUTOS = YES_AGGRESSIVE;
				GCC_WARN_UNUSED_FUNCTION = YES;
				GCC_WARN_UNUSED_VARIABLE = YES;
				IPHONEOS_DEPLOYMENT_TARGET = 18.4;
				LOCALIZATION_PREFERS_STRING_CATALOGS = YES;
				MTL_ENABLE_DEBUG_INFO = NO;
				MTL_FAST_MATH = YES;
				SDKROOT = iphoneos;
				SWIFT_COMPILATION_MODE = wholemodule;
				VALIDATE_PRODUCT = YES;
			};
			name = Release;
		};
/* End XCBuildConfiguration section */

/* Begin XCConfigurationList section */
		7266DD772E13E80D00B0D0F5 /* Build configuration list for PBXProject "Test_24HSoft" */ = {
			isa = XCConfigurationList;
			buildConfigurations = (
				7266DD922E13E80F00B0D0F5 /* Debug */,
				7266DD932E13E80F00B0D0F5 /* Release */,
			);
			defaultConfigurationIsVisible = 0;
			defaultConfigurationName = Release;
		};
		7266DD8F2E13E80F00B0D0F5 /* Build configuration list for PBXNativeTarget "Test_24HSoft" */ = {
			isa = XCConfigurationList;
			buildConfigurations = (
				7266DD902E13E80F00B0D0F5 /* Debug */,
				7266DD912E13E80F00B0D0F5 /* Release */,
			);
			defaultConfigurationIsVisible = 0;
			defaultConfigurationName = Release;
		};
/* End XCConfigurationList section */

/* Begin XCRemoteSwiftPackageReference section */
		7266DDB92E13EADD00B0D0F5 /* XCRemoteSwiftPackageReference "Alamofire" */ = {
			isa = XCRemoteSwiftPackageReference;
			repositoryURL = "https://github.com/Alamofire/Alamofire";
			requirement = {
				kind = upToNextMajorVersion;
				minimumVersion = 5.10.2;
			};
		};
		7266DEE52E14529C00B0D0F5 /* XCRemoteSwiftPackageReference "Nuke" */ = {
			isa = XCRemoteSwiftPackageReference;
			repositoryURL = "https://github.com/kean/Nuke";
			requirement = {
				kind = upToNextMajorVersion;
				minimumVersion = 12.8.0;
			};
		};
		7266DEEC2E1452AB00B0D0F5 /* XCRemoteSwiftPackageReference "SnapKit" */ = {
			isa = XCRemoteSwiftPackageReference;
			repositoryURL = "https://github.com/SnapKit/SnapKit";
			requirement = {
				kind = upToNextMajorVersion;
				minimumVersion = 5.7.1;
			};
		};
/* End XCRemoteSwiftPackageReference section */

/* Begin XCSwiftPackageProductDependency section */
		7266DDBA2E13EADD00B0D0F5 /* Alamofire */ = {
			isa = XCSwiftPackageProductDependency;
			package = 7266DDB92E13EADD00B0D0F5 /* XCRemoteSwiftPackageReference "Alamofire" */;
			productName = Alamofire;
		};
		7266DEE62E14529C00B0D0F5 /* Nuke */ = {
			isa = XCSwiftPackageProductDependency;
			package = 7266DEE52E14529C00B0D0F5 /* XCRemoteSwiftPackageReference "Nuke" */;
			productName = Nuke;
		};
		7266DEE82E14529C00B0D0F5 /* NukeExtensions */ = {
			isa = XCSwiftPackageProductDependency;
			package = 7266DEE52E14529C00B0D0F5 /* XCRemoteSwiftPackageReference "Nuke" */;
			productName = NukeExtensions;
		};
		7266DEEA2E14529C00B0D0F5 /* NukeUI */ = {
			isa = XCSwiftPackageProductDependency;
			package = 7266DEE52E14529C00B0D0F5 /* XCRemoteSwiftPackageReference "Nuke" */;
			productName = NukeUI;
		};
		7266DEED2E1452AB00B0D0F5 /* SnapKit */ = {
			isa = XCSwiftPackageProductDependency;
			package = 7266DEEC2E1452AB00B0D0F5 /* XCRemoteSwiftPackageReference "SnapKit" */;
			productName = SnapKit;
		};
/* End XCSwiftPackageProductDependency section */
	};
	rootObject = 7266DD742E13E80D00B0D0F5 /* Project object */;
}
