// !$*UTF8*$!
{
	archiveVersion = 1;
	classes = {
	};
	objectVersion = 77;
	objects = {

/* Begin PBXBuildFile section */
		7266DDA02E13EA6400B0D0F5 /* LaunchScreen.storyboard in Resources */ = {isa = PBXBuildFile; fileRef = 7266DD9A2E13EA6400B0D0F5 /* LaunchScreen.storyboard */; };
		7266DDA12E13EA6400B0D0F5 /* Assets.xcassets in Resources */ = {isa = PBXBuildFile; fileRef = 7266DD982E13EA6400B0D0F5 /* Assets.xcassets */; };
		7266DDA32E13EA6400B0D0F5 /* Main.storyboard in Resources */ = {isa = PBXBuildFile; fileRef = 7266DD9B2E13EA6400B0D0F5 /* Main.storyboard */; };
		7266DDA42E13EA6400B0D0F5 /* AppDelegate.swift in Sources */ = {isa = PBXBuildFile; fileRef = 7266DD972E13EA6400B0D0F5 /* AppDelegate.swift */; };
		7266DDA52E13EA6400B0D0F5 /* SceneDelegate.swift in Sources */ = {isa = PBXBuildFile; fileRef = 7266DD9C2E13EA6400B0D0F5 /* SceneDelegate.swift */; };
		7266DDA62E13EA6400B0D0F5 /* ViewController.swift in Sources */ = {isa = PBXBuildFile; fileRef = 7266DD9D2E13EA6400B0D0F5 /* ViewController.swift */; };
		7266DDBB2E13EADD00B0D0F5 /* Alamofire in Frameworks */ = {isa = PBXBuildFile; productRef = 7266DDBA2E13EADD00B0D0F5 /* Alamofire */; };
/* End PBXBuildFile section */

/* Begin PBXFileReference section */
		7266DD7C2E13E80D00B0D0F5 /* Test_24HSoft.app */ = {isa = PBXFileReference; explicitFileType = wrapper.application; includeInIndex = 0; path = Test_24HSoft.app; sourceTree = BUILT_PRODUCTS_DIR; };
		7266DD972E13EA6400B0D0F5 /* AppDelegate.swift */ = {isa = PBXFileReference; lastKnownFileType = sourcecode.swift; path = AppDelegate.swift; sourceTree = "<group>"; };
		7266DD982E13EA6400B0D0F5 /* Assets.xcassets */ = {isa = PBXFileReference; lastKnownFileType = folder.assetcatalog; path = Assets.xcassets; sourceTree = "<group>"; };
		7266DD992E13EA6400B0D0F5 /* Info.plist */ = {isa = PBXFileReference; lastKnownFileType = text.plist.xml; path = Info.plist; sourceTree = "<group>"; };
		7266DD9C2E13EA6400B0D0F5 /* SceneDelegate.swift */ = {isa = PBXFileReference; lastKnownFileType = sourcecode.swift; path = SceneDelegate.swift; sourceTree = "<group>"; };
		7266DD9D2E13EA6400B0D0F5 /* ViewController.swift */ = {isa = PBXFileReference; lastKnownFileType = sourcecode.swift; path = ViewController.swift; sourceTree = "<group>"; };
		7266DD9E2E13EA6400B0D0F5 /* Base */ = {isa = PBXFileReference; lastKnownFileType = file.storyboard; name = Base; path = Base.lproj/Main.storyboard; sourceTree = "<group>"; };
		7266DD9F2E13EA6400B0D0F5 /* Base */ = {isa = PBXFileReference; lastKnownFileType = file.storyboard; name = Base; path = Base.lproj/LaunchScreen.storyboard; sourceTree = "<group>"; };
		7266DDA82E13EA8E00B0D0F5 /* AFError+ComposableError.swift */ = {isa = PBXFileReference; lastKnownFileType = sourcecode.swift; path = "AFError+ComposableError.swift"; sourceTree = "<group>"; };
		7266DDA92E13EA8E00B0D0F5 /* DataResponse.MappingError+ComposableError.swift */ = {isa = PBXFileReference; lastKnownFileType = sourcecode.swift; path = "DataResponse.MappingError+ComposableError.swift"; sourceTree = "<group>"; };
		7266DDAA2E13EA8E00B0D0F5 /* DecodingError+ComposableError.swift */ = {isa = PBXFileReference; lastKnownFileType = sourcecode.swift; path = "DecodingError+ComposableError.swift"; sourceTree = "<group>"; };
		7266DDAB2E13EA8E00B0D0F5 /* URLError+ComposableError.swift */ = {isa = PBXFileReference; lastKnownFileType = sourcecode.swift; path = "URLError+ComposableError.swift"; sourceTree = "<group>"; };
		7266DDAD2E13EA8E00B0D0F5 /* AnyEncodable.swift */ = {isa = PBXFileReference; lastKnownFileType = sourcecode.swift; path = AnyEncodable.swift; sourceTree = "<group>"; };
		7266DDAE2E13EA8E00B0D0F5 /* Mapping+Decodable.swift */ = {isa = PBXFileReference; lastKnownFileType = sourcecode.swift; path = "Mapping+Decodable.swift"; sourceTree = "<group>"; };
		7266DDAF2E13EA8E00B0D0F5 /* Mappings.swift */ = {isa = PBXFileReference; lastKnownFileType = sourcecode.swift; path = Mappings.swift; sourceTree = "<group>"; };
		7266DDB02E13EA8E00B0D0F5 /* MappingStrategies.swift */ = {isa = PBXFileReference; lastKnownFileType = sourcecode.swift; path = MappingStrategies.swift; sourceTree = "<group>"; };
		7266DDB12E13EA8E00B0D0F5 /* MappingStrategyResponseSerializer.swift */ = {isa = PBXFileReference; lastKnownFileType = sourcecode.swift; path = MappingStrategyResponseSerializer.swift; sourceTree = "<group>"; };
		7266DDB32E13EA8E00B0D0F5 /* ApiClient.swift */ = {isa = PBXFileReference; lastKnownFileType = sourcecode.swift; path = ApiClient.swift; sourceTree = "<group>"; };
		7266DDB42E13EA8E00B0D0F5 /* Encodable + Extension.swift */ = {isa = PBXFileReference; lastKnownFileType = sourcecode.swift; path = "Encodable + Extension.swift"; sourceTree = "<group>"; };
		7266DDB52E13EA8E00B0D0F5 /* NetworkActivityLogger.swift */ = {isa = PBXFileReference; lastKnownFileType = sourcecode.swift; path = NetworkActivityLogger.swift; sourceTree = "<group>"; };
		7266DDB62E13EA8E00B0D0F5 /* RequestParameters.swift */ = {isa = PBXFileReference; lastKnownFileType = sourcecode.swift; path = RequestParameters.swift; sourceTree = "<group>"; };
		7266DDB72E13EA8E00B0D0F5 /* TargetType.swift */ = {isa = PBXFileReference; lastKnownFileType = sourcecode.swift; path = TargetType.swift; sourceTree = "<group>"; };
/* End PBXFileReference section */

/* Begin PBXFrameworksBuildPhase section */
		7266DD792E13E80D00B0D0F5 /* Frameworks */ = {
			isa = PBXFrameworksBuildPhase;
			buildActionMask = 2147483647;
			files = (
				7266DDBB2E13EADD00B0D0F5 /* Alamofire in Frameworks */,
			);
			runOnlyForDeploymentPostprocessing = 0;
		};
/* End PBXFrameworksBuildPhase section */

/* Begin PBXGroup section */
		7266DD732E13E80D00B0D0F5 = {
			isa = PBXGroup;
			children = (
				7266DDD32E13EB3100B0D0F5 /* App */,
				7266DDD42E13EB7600B0D0F5 /* Modules */,
				7266DD7D2E13E80D00B0D0F5 /* Products */,
			);
			sourceTree = "<group>";
		};
		7266DD7D2E13E80D00B0D0F5 /* Products */ = {
			isa = PBXGroup;
			children = (
				7266DD7C2E13E80D00B0D0F5 /* Test_24HSoft.app */,
			);
			name = Products;
			sourceTree = "<group>";
		};
		7266DDA72E13EA6E00B0D0F5 /* Networking */ = {
			isa = PBXGroup;
			children = (
				7266DDB82E13EA8E00B0D0F5 /* Sources */,
			);
			path = Networking;
			sourceTree = "<group>";
		};
		7266DDAC2E13EA8E00B0D0F5 /* ErrorExtensions */ = {
			isa = PBXGroup;
			children = (
				7266DDA82E13EA8E00B0D0F5 /* AFError+ComposableError.swift */,
				7266DDA92E13EA8E00B0D0F5 /* DataResponse.MappingError+ComposableError.swift */,
				7266DDAA2E13EA8E00B0D0F5 /* DecodingError+ComposableError.swift */,
				7266DDAB2E13EA8E00B0D0F5 /* URLError+ComposableError.swift */,
			);
			path = ErrorExtensions;
			sourceTree = "<group>";
		};
		7266DDB22E13EA8E00B0D0F5 /* Mapping */ = {
			isa = PBXGroup;
			children = (
				7266DDAD2E13EA8E00B0D0F5 /* AnyEncodable.swift */,
				7266DDAE2E13EA8E00B0D0F5 /* Mapping+Decodable.swift */,
				7266DDAF2E13EA8E00B0D0F5 /* Mappings.swift */,
				7266DDB02E13EA8E00B0D0F5 /* MappingStrategies.swift */,
				7266DDB12E13EA8E00B0D0F5 /* MappingStrategyResponseSerializer.swift */,
			);
			path = Mapping;
			sourceTree = "<group>";
		};
		7266DDB82E13EA8E00B0D0F5 /* Sources */ = {
			isa = PBXGroup;
			children = (
				7266DDAC2E13EA8E00B0D0F5 /* ErrorExtensions */,
				7266DDB22E13EA8E00B0D0F5 /* Mapping */,
				7266DDB32E13EA8E00B0D0F5 /* ApiClient.swift */,
				7266DDB42E13EA8E00B0D0F5 /* Encodable + Extension.swift */,
				7266DDB52E13EA8E00B0D0F5 /* NetworkActivityLogger.swift */,
				7266DDB62E13EA8E00B0D0F5 /* RequestParameters.swift */,
				7266DDB72E13EA8E00B0D0F5 /* TargetType.swift */,
			);
			path = Sources;
			sourceTree = "<group>";
		};
		7266DDD32E13EB3100B0D0F5 /* App */ = {
			isa = PBXGroup;
			children = (
				7266DD972E13EA6400B0D0F5 /* AppDelegate.swift */,
				7266DD982E13EA6400B0D0F5 /* Assets.xcassets */,
				7266DD992E13EA6400B0D0F5 /* Info.plist */,
				7266DD9A2E13EA6400B0D0F5 /* LaunchScreen.storyboard */,
				7266DD9B2E13EA6400B0D0F5 /* Main.storyboard */,
				7266DD9C2E13EA6400B0D0F5 /* SceneDelegate.swift */,
				7266DD9D2E13EA6400B0D0F5 /* ViewController.swift */,
			);
			path = App;
			sourceTree = "<group>";
		};
		7266DDD42E13EB7600B0D0F5 /* Modules */ = {
			isa = PBXGroup;
			children = (
				7266DDD52E13EB8C00B0D0F5 /* FeatureModules */,
				7266DDA72E13EA6E00B0D0F5 /* Networking */,
			);
			path = Modules;
			sourceTree = "<group>";
		};
		7266DDD52E13EB8C00B0D0F5 /* FeatureModules */ = {
			isa = PBXGroup;
			children = (
			);
			path = FeatureModules;
			sourceTree = "<group>";
		};
/* End PBXGroup section */

/* Begin PBXNativeTarget section */
		7266DD7B2E13E80D00B0D0F5 /* Test_24HSoft */ = {
			isa = PBXNativeTarget;
			buildConfigurationList = 7266DD8F2E13E80F00B0D0F5 /* Build configuration list for PBXNativeTarget "Test_24HSoft" */;
			buildPhases = (
				7266DD782E13E80D00B0D0F5 /* Sources */,
				7266DD792E13E80D00B0D0F5 /* Frameworks */,
				7266DD7A2E13E80D00B0D0F5 /* Resources */,
			);
			buildRules = (
			);
			dependencies = (
			);
			name = Test_24HSoft;
			packageProductDependencies = (
				7266DDBA2E13EADD00B0D0F5 /* Alamofire */,
			);
			productName = Test_24HSoft;
			productReference = 7266DD7C2E13E80D00B0D0F5 /* Test_24HSoft.app */;
			productType = "com.apple.product-type.application";
		};
/* End PBXNativeTarget section */

/* Begin PBXProject section */
		7266DD742E13E80D00B0D0F5 /* Project object */ = {
			isa = PBXProject;
			attributes = {
				BuildIndependentTargetsInParallel = 1;
				LastSwiftUpdateCheck = 1630;
				LastUpgradeCheck = 1630;
				TargetAttributes = {
					7266DD7B2E13E80D00B0D0F5 = {
						CreatedOnToolsVersion = 16.3;
					};
				};
			};
			buildConfigurationList = 7266DD772E13E80D00B0D0F5 /* Build configuration list for PBXProject "Test_24HSoft" */;
			developmentRegion = en;
			hasScannedForEncodings = 0;
			knownRegions = (
				en,
				Base,
			);
			mainGroup = 7266DD732E13E80D00B0D0F5;
			minimizedProjectReferenceProxies = 1;
			packageReferences = (
				7266DDB92E13EADD00B0D0F5 /* XCRemoteSwiftPackageReference "Alamofire" */,
			);
			preferredProjectObjectVersion = 77;
			productRefGroup = 7266DD7D2E13E80D00B0D0F5 /* Products */;
			projectDirPath = "";
			projectRoot = "";
			targets = (
				7266DD7B2E13E80D00B0D0F5 /* Test_24HSoft */,
			);
		};
/* End PBXProject section */

/* Begin PBXResourcesBuildPhase section */
		7266DD7A2E13E80D00B0D0F5 /* Resources */ = {
			isa = PBXResourcesBuildPhase;
			buildActionMask = 2147483647;
			files = (
				7266DDA02E13EA6400B0D0F5 /* LaunchScreen.storyboard in Resources */,
				7266DDA12E13EA6400B0D0F5 /* Assets.xcassets in Resources */,
				7266DDA32E13EA6400B0D0F5 /* Main.storyboard in Resources */,
			);
			runOnlyForDeploymentPostprocessing = 0;
		};
/* End PBXResourcesBuildPhase section */

/* Begin PBXSourcesBuildPhase section */
		7266DD782E13E80D00B0D0F5 /* Sources */ = {
			isa = PBXSourcesBuildPhase;
			buildActionMask = 2147483647;
			files = (
				7266DDA42E13EA6400B0D0F5 /* AppDelegate.swift in Sources */,
				7266DDA52E13EA6400B0D0F5 /* SceneDelegate.swift in Sources */,
				7266DDA62E13EA6400B0D0F5 /* ViewController.swift in Sources */,
			);
			runOnlyForDeploymentPostprocessing = 0;
		};
/* End PBXSourcesBuildPhase section */

/* Begin PBXVariantGroup section */
		7266DD9A2E13EA6400B0D0F5 /* LaunchScreen.storyboard */ = {
			isa = PBXVariantGroup;
			children = (
				7266DD9F2E13EA6400B0D0F5 /* Base */,
			);
			name = LaunchScreen.storyboard;
			sourceTree = "<group>";
		};
		7266DD9B2E13EA6400B0D0F5 /* Main.storyboard */ = {
			isa = PBXVariantGroup;
			children = (
				7266DD9E2E13EA6400B0D0F5 /* Base */,
			);
			name = Main.storyboard;
			sourceTree = "<group>";
		};
/* End PBXVariantGroup section */

/* Begin XCBuildConfiguration section */
		7266DD902E13E80F00B0D0F5 /* Debug */ = {
			isa = XCBuildConfiguration;
			buildSettings = {
				ASSETCATALOG_COMPILER_APPICON_NAME = AppIcon;
				ASSETCATALOG_COMPILER_GLOBAL_ACCENT_COLOR_NAME = AccentColor;
				CODE_SIGN_STYLE = Automatic;
				CURRENT_PROJECT_VERSION = 1;
				DEVELOPMENT_TEAM = U57U8F8A4N;
				GENERATE_INFOPLIST_FILE = YES;
				INFOPLIST_FILE = App/Info.plist;
				INFOPLIST_KEY_UIApplicationSupportsIndirectInputEvents = YES;
				INFOPLIST_KEY_UILaunchStoryboardName = LaunchScreen;
				INFOPLIST_KEY_UIMainStoryboardFile = Main;
				INFOPLIST_KEY_UISupportedInterfaceOrientations_iPad = "UIInterfaceOrientationPortrait UIInterfaceOrientationPortraitUpsideDown UIInterfaceOrientationLandscapeLeft UIInterfaceOrientationLandscapeRight";
				INFOPLIST_KEY_UISupportedInterfaceOrientations_iPhone = "UIInterfaceOrientationPortrait UIInterfaceOrientationLandscapeLeft UIInterfaceOrientationLandscapeRight";
				LD_RUNPATH_SEARCH_PATHS = (
					"$(inherited)",
					"@executable_path/Frameworks",
				);
				MARKETING_VERSION = 1.0;
				PRODUCT_BUNDLE_IDENTIFIER = com.smabdirov99.Test24HSoft;
				PRODUCT_NAME = "$(TARGET_NAME)";
				SUPPORTED_PLATFORMS = "iphoneos iphonesimulator";
				SUPPORTS_MACCATALYST = NO;
				SUPPORTS_MAC_DESIGNED_FOR_IPHONE_IPAD = NO;
				SUPPORTS_XR_DESIGNED_FOR_IPHONE_IPAD = NO;
				SWIFT_EMIT_LOC_STRINGS = YES;
				SWIFT_VERSION = 5.0;
				TARGETED_DEVICE_FAMILY = 1;
			};
			name = Debug;
		};
		7266DD912E13E80F00B0D0F5 /* Release */ = {
			isa = XCBuildConfiguration;
			buildSettings = {
				ASSETCATALOG_COMPILER_APPICON_NAME = AppIcon;
				ASSETCATALOG_COMPILER_GLOBAL_ACCENT_COLOR_NAME = AccentColor;
				CODE_SIGN_STYLE = Automatic;
				CURRENT_PROJECT_VERSION = 1;
				DEVELOPMENT_TEAM = U57U8F8A4N;
				GENERATE_INFOPLIST_FILE = YES;
				INFOPLIST_FILE = App/Info.plist;
				INFOPLIST_KEY_UIApplicationSupportsIndirectInputEvents = YES;
				INFOPLIST_KEY_UILaunchStoryboardName = LaunchScreen;
				INFOPLIST_KEY_UIMainStoryboardFile = Main;
				INFOPLIST_KEY_UISupportedInterfaceOrientations_iPad = "UIInterfaceOrientationPortrait UIInterfaceOrientationPortraitUpsideDown UIInterfaceOrientationLandscapeLeft UIInterfaceOrientationLandscapeRight";
				INFOPLIST_KEY_UISupportedInterfaceOrientations_iPhone = "UIInterfaceOrientationPortrait UIInterfaceOrientationLandscapeLeft UIInterfaceOrientationLandscapeRight";
				LD_RUNPATH_SEARCH_PATHS = (
					"$(inherited)",
					"@executable_path/Frameworks",
				);
				MARKETING_VERSION = 1.0;
				PRODUCT_BUNDLE_IDENTIFIER = com.smabdirov99.Test24HSoft;
				PRODUCT_NAME = "$(TARGET_NAME)";
				SUPPORTED_PLATFORMS = "iphoneos iphonesimulator";
				SUPPORTS_MACCATALYST = NO;
				SUPPORTS_MAC_DESIGNED_FOR_IPHONE_IPAD = NO;
				SUPPORTS_XR_DESIGNED_FOR_IPHONE_IPAD = NO;
				SWIFT_EMIT_LOC_STRINGS = YES;
				SWIFT_VERSION = 5.0;
				TARGETED_DEVICE_FAMILY = 1;
			};
			name = Release;
		};
		7266DD922E13E80F00B0D0F5 /* Debug */ = {
			isa = XCBuildConfiguration;
			buildSettings = {
				ALWAYS_SEARCH_USER_PATHS = NO;
				ASSETCATALOG_COMPILER_GENERATE_SWIFT_ASSET_SYMBOL_EXTENSIONS = YES;
				CLANG_ANALYZER_NONNULL = YES;
				CLANG_ANALYZER_NUMBER_OBJECT_CONVERSION = YES_AGGRESSIVE;
				CLANG_CXX_LANGUAGE_STANDARD = "gnu++20";
				CLANG_ENABLE_MODULES = YES;
				CLANG_ENABLE_OBJC_ARC = YES;
				CLANG_ENABLE_OBJC_WEAK = YES;
				CLANG_WARN_BLOCK_CAPTURE_AUTORELEASING = YES;
				CLANG_WARN_BOOL_CONVERSION = YES;
				CLANG_WARN_COMMA = YES;
				CLANG_WARN_CONSTANT_CONVERSION = YES;
				CLANG_WARN_DEPRECATED_OBJC_IMPLEMENTATIONS = YES;
				CLANG_WARN_DIRECT_OBJC_ISA_USAGE = YES_ERROR;
				CLANG_WARN_DOCUMENTATION_COMMENTS = YES;
				CLANG_WARN_EMPTY_BODY = YES;
				CLANG_WARN_ENUM_CONVERSION = YES;
				CLANG_WARN_INFINITE_RECURSION = YES;
				CLANG_WARN_INT_CONVERSION = YES;
				CLANG_WARN_NON_LITERAL_NULL_CONVERSION = YES;
				CLANG_WARN_OBJC_IMPLICIT_RETAIN_SELF = YES;
				CLANG_WARN_OBJC_LITERAL_CONVERSION = YES;
				CLANG_WARN_OBJC_ROOT_CLASS = YES_ERROR;
				CLANG_WARN_QUOTED_INCLUDE_IN_FRAMEWORK_HEADER = YES;
				CLANG_WARN_RANGE_LOOP_ANALYSIS = YES;
				CLANG_WARN_STRICT_PROTOTYPES = YES;
				CLANG_WARN_SUSPICIOUS_MOVE = YES;
				CLANG_WARN_UNGUARDED_AVAILABILITY = YES_AGGRESSIVE;
				CLANG_WARN_UNREACHABLE_CODE = YES;
				CLANG_WARN__DUPLICATE_METHOD_MATCH = YES;
				COPY_PHASE_STRIP = NO;
				DEBUG_INFORMATION_FORMAT = dwarf;
				DEVELOPMENT_TEAM = U57U8F8A4N;
				ENABLE_STRICT_OBJC_MSGSEND = YES;
				ENABLE_TESTABILITY = YES;
				ENABLE_USER_SCRIPT_SANDBOXING = YES;
				GCC_C_LANGUAGE_STANDARD = gnu17;
				GCC_DYNAMIC_NO_PIC = NO;
				GCC_NO_COMMON_BLOCKS = YES;
				GCC_OPTIMIZATION_LEVEL = 0;
				GCC_PREPROCESSOR_DEFINITIONS = (
					"DEBUG=1",
					"$(inherited)",
				);
				GCC_WARN_64_TO_32_BIT_CONVERSION = YES;
				GCC_WARN_ABOUT_RETURN_TYPE = YES_ERROR;
				GCC_WARN_UNDECLARED_SELECTOR = YES;
				GCC_WARN_UNINITIALIZED_AUTOS = YES_AGGRESSIVE;
				GCC_WARN_UNUSED_FUNCTION = YES;
				GCC_WARN_UNUSED_VARIABLE = YES;
				IPHONEOS_DEPLOYMENT_TARGET = 18.4;
				LOCALIZATION_PREFERS_STRING_CATALOGS = YES;
				MTL_ENABLE_DEBUG_INFO = INCLUDE_SOURCE;
				MTL_FAST_MATH = YES;
				ONLY_ACTIVE_ARCH = YES;
				SDKROOT = iphoneos;
				SWIFT_ACTIVE_COMPILATION_CONDITIONS = "DEBUG $(inherited)";
				SWIFT_OPTIMIZATION_LEVEL = "-Onone";
			};
			name = Debug;
		};
		7266DD932E13E80F00B0D0F5 /* Release */ = {
			isa = XCBuildConfiguration;
			buildSettings = {
				ALWAYS_SEARCH_USER_PATHS = NO;
				ASSETCATALOG_COMPILER_GENERATE_SWIFT_ASSET_SYMBOL_EXTENSIONS = YES;
				CLANG_ANALYZER_NONNULL = YES;
				CLANG_ANALYZER_NUMBER_OBJECT_CONVERSION = YES_AGGRESSIVE;
				CLANG_CXX_LANGUAGE_STANDARD = "gnu++20";
				CLANG_ENABLE_MODULES = YES;
				CLANG_ENABLE_OBJC_ARC = YES;
				CLANG_ENABLE_OBJC_WEAK = YES;
				CLANG_WARN_BLOCK_CAPTURE_AUTORELEASING = YES;
				CLANG_WARN_BOOL_CONVERSION = YES;
				CLANG_WARN_COMMA = YES;
				CLANG_WARN_CONSTANT_CONVERSION = YES;
				CLANG_WARN_DEPRECATED_OBJC_IMPLEMENTATIONS = YES;
				CLANG_WARN_DIRECT_OBJC_ISA_USAGE = YES_ERROR;
				CLANG_WARN_DOCUMENTATION_COMMENTS = YES;
				CLANG_WARN_EMPTY_BODY = YES;
				CLANG_WARN_ENUM_CONVERSION = YES;
				CLANG_WARN_INFINITE_RECURSION = YES;
				CLANG_WARN_INT_CONVERSION = YES;
				CLANG_WARN_NON_LITERAL_NULL_CONVERSION = YES;
				CLANG_WARN_OBJC_IMPLICIT_RETAIN_SELF = YES;
				CLANG_WARN_OBJC_LITERAL_CONVERSION = YES;
				CLANG_WARN_OBJC_ROOT_CLASS = YES_ERROR;
				CLANG_WARN_QUOTED_INCLUDE_IN_FRAMEWORK_HEADER = YES;
				CLANG_WARN_RANGE_LOOP_ANALYSIS = YES;
				CLANG_WARN_STRICT_PROTOTYPES = YES;
				CLANG_WARN_SUSPICIOUS_MOVE = YES;
				CLANG_WARN_UNGUARDED_AVAILABILITY = YES_AGGRESSIVE;
				CLANG_WARN_UNREACHABLE_CODE = YES;
				CLANG_WARN__DUPLICATE_METHOD_MATCH = YES;
				COPY_PHASE_STRIP = NO;
				DEBUG_INFORMATION_FORMAT = "dwarf-with-dsym";
				DEVELOPMENT_TEAM = U57U8F8A4N;
				ENABLE_NS_ASSERTIONS = NO;
				ENABLE_STRICT_OBJC_MSGSEND = YES;
				ENABLE_USER_SCRIPT_SANDBOXING = YES;
				GCC_C_LANGUAGE_STANDARD = gnu17;
				GCC_NO_COMMON_BLOCKS = YES;
				GCC_WARN_64_TO_32_BIT_CONVERSION = YES;
				GCC_WARN_ABOUT_RETURN_TYPE = YES_ERROR;
				GCC_WARN_UNDECLARED_SELECTOR = YES;
				GCC_WARN_UNINITIALIZED_AUTOS = YES_AGGRESSIVE;
				GCC_WARN_UNUSED_FUNCTION = YES;
				GCC_WARN_UNUSED_VARIABLE = YES;
				IPHONEOS_DEPLOYMENT_TARGET = 18.4;
				LOCALIZATION_PREFERS_STRING_CATALOGS = YES;
				MTL_ENABLE_DEBUG_INFO = NO;
				MTL_FAST_MATH = YES;
				SDKROOT = iphoneos;
				SWIFT_COMPILATION_MODE = wholemodule;
				VALIDATE_PRODUCT = YES;
			};
			name = Release;
		};
/* End XCBuildConfiguration section */

/* Begin XCConfigurationList section */
		7266DD772E13E80D00B0D0F5 /* Build configuration list for PBXProject "Test_24HSoft" */ = {
			isa = XCConfigurationList;
			buildConfigurations = (
				7266DD922E13E80F00B0D0F5 /* Debug */,
				7266DD932E13E80F00B0D0F5 /* Release */,
			);
			defaultConfigurationIsVisible = 0;
			defaultConfigurationName = Release;
		};
		7266DD8F2E13E80F00B0D0F5 /* Build configuration list for PBXNativeTarget "Test_24HSoft" */ = {
			isa = XCConfigurationList;
			buildConfigurations = (
				7266DD902E13E80F00B0D0F5 /* Debug */,
				7266DD912E13E80F00B0D0F5 /* Release */,
			);
			defaultConfigurationIsVisible = 0;
			defaultConfigurationName = Release;
		};
/* End XCConfigurationList section */

/* Begin XCRemoteSwiftPackageReference section */
		7266DDB92E13EADD00B0D0F5 /* XCRemoteSwiftPackageReference "Alamofire" */ = {
			isa = XCRemoteSwiftPackageReference;
			repositoryURL = "https://github.com/Alamofire/Alamofire";
			requirement = {
				kind = upToNextMajorVersion;
				minimumVersion = 5.10.2;
			};
		};
/* End XCRemoteSwiftPackageReference section */

/* Begin XCSwiftPackageProductDependency section */
		7266DDBA2E13EADD00B0D0F5 /* Alamofire */ = {
			isa = XCSwiftPackageProductDependency;
			package = 7266DDB92E13EADD00B0D0F5 /* XCRemoteSwiftPackageReference "Alamofire" */;
			productName = Alamofire;
		};
/* End XCSwiftPackageProductDependency section */
	};
	rootObject = 7266DD742E13E80D00B0D0F5 /* Project object */;
}
